
Microsoft Visual Studio Solution File, Format Version 12.00
# Visual Studio Version 17
VisualStudioVersion = 17.4.33403.182
MinimumVisualStudioVersion = 10.0.40219.1
Project("{8BC9CEB8-8B4A-11D0-8D11-00A0C91BC942}") = "f5", "f5\f5.vcxproj", "{FAB05883-AA58-47DF-BB73-E35C074BF593}"
EndProject
Global
	GlobalSection(SolutionConfigurationPlatforms) = preSolution
		Debug|x64 = Debug|x64
		Debug|x86 = Debug|x86
		Release|x64 = Release|x64
		Release|x86 = Release|x86
	EndGlobalSection
	GlobalSection(ProjectConfigurationPlatforms) = postSolution
		{FAB05883-AA58-47DF-BB73-E35C074BF593}.Debug|x64.ActiveCfg = Debug|x64
		{FAB05883-AA58-47DF-BB73-E35C074BF593}.Debug|x64.Build.0 = Debug|x64
		{FAB05883-AA58-47DF-BB73-E35C074BF593}.Debug|x86.ActiveCfg = Debug|Win32
		{FAB05883-AA58-47DF-BB73-E35C074BF593}.Debug|x86.Build.0 = Debug|Win32
		{FAB05883-AA58-47DF-BB73-E35C074BF593}.Release|x64.ActiveCfg = Release|x64
		{FAB05883-AA58-47DF-BB73-E35C074BF593}.Release|x64.Build.0 = Release|x64
		{FAB05883-AA58-47DF-BB73-E35C074BF593}.Release|x86.ActiveCfg = Release|Win32
		{FAB05883-AA58-47DF-BB73-E35C074BF593}.Release|x86.Build.0 = Release|Win32
	EndGlobalSection
	GlobalSection(SolutionProperties) = preSolution
		HideSolutionNode = FALSE
	EndGlobalSection
	GlobalSection(ExtensibilityGlobals) = postSolution
		SolutionGuid = {8B0C6BDF-DF12-4263-B7FA-969DD3D84BB2}
	EndGlobalSection
EndGlobal
